
Microsoft Visual Studio Solution File, Format Version 12.00
# Visual Studio Version 17
VisualStudioVersion = 17.9.34723.18
MinimumVisualStudioVersion = 10.0.40219.1
Project("{9A19103F-16F7-4668-BE54-9A1E7A4F7556}") = "LightCache", "src\LightCache\LightCache.csproj", "{68CA9A92-8A3F-4F78-A47E-B84782780F73}"
EndProject
Project("{FAE04EC0-301F-11D3-BF4B-00C04F79EFBC}") = "LightCache.Test", "test\LightCache.Test\LightCache.Test.csproj", "{F82168C1-9E3D-4E33-97C0-30A0852AF9E5}"
EndProject
Global
	GlobalSection(SolutionConfigurationPlatforms) = preSolution
		Debug|Any CPU = Debug|Any CPU
		Release|Any CPU = Release|Any CPU
	EndGlobalSection
	GlobalSection(ProjectConfigurationPlatforms) = postSolution
		{68CA9A92-8A3F-4F78-A47E-B84782780F73}.Debug|Any CPU.ActiveCfg = Debug|Any CPU
		{68CA9A92-8A3F-4F78-A47E-B84782780F73}.Debug|Any CPU.Build.0 = Debug|Any CPU
		{68CA9A92-8A3F-4F78-A47E-B84782780F73}.Release|Any CPU.ActiveCfg = Release|Any CPU
		{68CA9A92-8A3F-4F78-A47E-B84782780F73}.Release|Any CPU.Build.0 = Release|Any CPU
		{F82168C1-9E3D-4E33-97C0-30A0852AF9E5}.Debug|Any CPU.ActiveCfg = Debug|Any CPU
		{F82168C1-9E3D-4E33-97C0-30A0852AF9E5}.Debug|Any CPU.Build.0 = Debug|Any CPU
		{F82168C1-9E3D-4E33-97C0-30A0852AF9E5}.Release|Any CPU.ActiveCfg = Release|Any CPU
		{F82168C1-9E3D-4E33-97C0-30A0852AF9E5}.Release|Any CPU.Build.0 = Release|Any CPU
	EndGlobalSection
	GlobalSection(SolutionProperties) = preSolution
		HideSolutionNode = FALSE
	EndGlobalSection
	GlobalSection(ExtensibilityGlobals) = postSolution
		SolutionGuid = {1AA04D87-4711-42F6-9184-15CD874C723A}
	EndGlobalSection
EndGlobal
